
Microsoft Visual Studio Solution File, Format Version 12.00
# Visual Studio Version 17
VisualStudioVersion = 17.5.33414.496
MinimumVisualStudioVersion = 10.0.40219.1
Project("{9A19103F-16F7-4668-BE54-9A1E7A4F7556}") = "ListaEx01.Exercicio01", "ListaEx01.Exercicio01\ListaEx01.Exercicio01.csproj", "{7DF7D126-1EC5-4958-8FF6-BFB5A17249D9}"
EndProject
Project("{2150E333-8FDC-42A3-9474-1A3956D46DE8}") = "Entrada, Processamento e Saída de Dados", "Entrada, Processamento e Saída de Dados", "{9BE11320-8750-486B-9F1E-FEE1D5DE44ED}"
EndProject
Project("{9A19103F-16F7-4668-BE54-9A1E7A4F7556}") = "ListaEx01.Exercicio02", "ListaEx01.Exercicio2\ListaEx01.Exercicio02.csproj", "{1B05809B-86D1-43AA-A9CE-4E0CA660C4A1}"
EndProject
Project("{9A19103F-16F7-4668-BE54-9A1E7A4F7556}") = "ListaEx01.Exercicio03", "ListaEx01.Exercicio03\ListaEx01.Exercicio03.csproj", "{234D49B2-2D91-4B08-81E1-1A4358C60D58}"
EndProject
Project("{9A19103F-16F7-4668-BE54-9A1E7A4F7556}") = "ListaEx01.Exercicio04", "ListaEx01.Exercicio04\ListaEx01.Exercicio04.csproj", "{959CA9AC-8ABE-44F4-BA3B-FF1D5A8DC452}"
EndProject
Project("{9A19103F-16F7-4668-BE54-9A1E7A4F7556}") = "ListaEx01.Exercicio05", "ListaEx01.Exercicio05\ListaEx01.Exercicio05.csproj", "{4F609EF8-5869-4B88-B201-EB1940C8F4D9}"
EndProject
Project("{9A19103F-16F7-4668-BE54-9A1E7A4F7556}") = "ListaEx01.Exercicio06", "ListaEx01.Exercicio06\ListaEx01.Exercicio06.csproj", "{78709185-2793-44E0-BB7B-3B0FD7EE9269}"
EndProject
Project("{9A19103F-16F7-4668-BE54-9A1E7A4F7556}") = "ListaEx01.Exercicio07", "ListaEx01.Exercicio07\ListaEx01.Exercicio07.csproj", "{9529DEFA-ED9A-488F-90BB-297D754C00F0}"
EndProject
Project("{9A19103F-16F7-4668-BE54-9A1E7A4F7556}") = "ListaEx01.Exercicio08", "ListaEx01.Exercicio08\ListaEx01.Exercicio08.csproj", "{96363307-E5DE-494E-AE4D-AC1D84D86290}"
EndProject
Project("{9A19103F-16F7-4668-BE54-9A1E7A4F7556}") = "ListaEx01.Exercicio09", "ListaEx01.Exercicio09\ListaEx01.Exercicio09.csproj", "{FC6810E5-B7F3-4951-ADF1-AD7C9B0FA772}"
EndProject
Project("{9A19103F-16F7-4668-BE54-9A1E7A4F7556}") = "ListaEx01.Exercicio10", "ListaEx01.Exercicio10\ListaEx01.Exercicio10.csproj", "{A76E05CA-C7BC-42A0-9B92-DFB08E6872C0}"
EndProject
Project("{9A19103F-16F7-4668-BE54-9A1E7A4F7556}") = "ListaEx01.Exercicio11", "ListaEx01.Exercicio11\ListaEx01.Exercicio11.csproj", "{1D2190DE-B03E-4D01-A90D-FEAA3C29602A}"
EndProject
Project("{9A19103F-16F7-4668-BE54-9A1E7A4F7556}") = "ListaEx01.Exercicio12", "ListaEx01.Exercicio12\ListaEx01.Exercicio12.csproj", "{E3922E44-F8EB-4543-99C7-D458E55FDD78}"
EndProject
Project("{9A19103F-16F7-4668-BE54-9A1E7A4F7556}") = "ListaEx01.Exercicio13", "ListaEx01.Exercicio13\ListaEx01.Exercicio13.csproj", "{039E43DC-1541-4617-91FF-8C27D24B82B5}"
EndProject
Project("{2150E333-8FDC-42A3-9474-1A3956D46DE8}") = "Estruturas de Decisão", "Estruturas de Decisão", "{92187F25-EECB-4437-B358-EFBC92803B8C}"
EndProject
Project("{FAE04EC0-301F-11D3-BF4B-00C04F79EFBC}") = "ListaEx01.Exercicio14", "ListaEx01.Exercicio14\ListaEx01.Exercicio14.csproj", "{4DAA0A95-A38F-40EA-86F4-F2B839755ABA}"
EndProject
Project("{FAE04EC0-301F-11D3-BF4B-00C04F79EFBC}") = "ListaEx01.Exercicio15", "ListaEx01.Exercicio15\ListaEx01.Exercicio15.csproj", "{F515610B-ABFC-49E0-9FC0-FEE026659DC9}"
EndProject
Project("{FAE04EC0-301F-11D3-BF4B-00C04F79EFBC}") = "ListaEx01.Exercicio16", "ListaEx01.Exercicio16\ListaEx01.Exercicio16.csproj", "{5491CC54-833C-4A47-8371-D37873775004}"
EndProject
Project("{FAE04EC0-301F-11D3-BF4B-00C04F79EFBC}") = "ListaEx01.Exercicio17", "ListaEx01.Exercicio17\ListaEx01.Exercicio17.csproj", "{88D8FF68-CA1B-47A5-90AB-50775B38B13A}"
EndProject
Project("{FAE04EC0-301F-11D3-BF4B-00C04F79EFBC}") = "ListaEx01.Exercicio18", "ListaEx01.Exercicio18\ListaEx01.Exercicio18.csproj", "{19D454FD-58C8-4209-BC7A-552C9DC98E8F}"
EndProject
Project("{FAE04EC0-301F-11D3-BF4B-00C04F79EFBC}") = "ListaEx01.Exercicio19", "ListaEx01.Exercicio19\ListaEx01.Exercicio19.csproj", "{A2A4F17D-103F-48B6-B127-5121890FB0C9}"
EndProject
Project("{FAE04EC0-301F-11D3-BF4B-00C04F79EFBC}") = "ListaEx01.Exercicio20", "ListaEx01.Exercicio20\ListaEx01.Exercicio20.csproj", "{A8FFDAD3-0ACA-488E-A74C-6C5A4387E5F7}"
EndProject
Project("{2150E333-8FDC-42A3-9474-1A3956D46DE8}") = "Estruturas de Repetição", "Estruturas de Repetição", "{F2FC352B-457D-4564-8BF8-51900B3B3AD3}"
EndProject
Project("{FAE04EC0-301F-11D3-BF4B-00C04F79EFBC}") = "ListaEx01.Exercicio21", "ListaEx01.Exercicio21\ListaEx01.Exercicio21.csproj", "{3AAD095B-C5B2-43B2-9D1B-ED917DB7A918}"
EndProject
Project("{FAE04EC0-301F-11D3-BF4B-00C04F79EFBC}") = "ListaEx01.Exercicio22", "ListaEx01.Exercicio22\ListaEx01.Exercicio22.csproj", "{484AD0D0-536C-4BDC-899F-908C782FA005}"
EndProject
Project("{FAE04EC0-301F-11D3-BF4B-00C04F79EFBC}") = "ListaEx01.Exercicio23", "ListaEx01.Exercicio23\ListaEx01.Exercicio23.csproj", "{282804E3-4A99-4A21-9EA9-2F77E7B9DAC8}"
EndProject
Project("{FAE04EC0-301F-11D3-BF4B-00C04F79EFBC}") = "ListaEx01.Exercicio24", "ListaEx01.Exercicio24\ListaEx01.Exercicio24.csproj", "{63C689D3-C2AA-4C73-875C-F587F0CA4459}"
EndProject
Project("{FAE04EC0-301F-11D3-BF4B-00C04F79EFBC}") = "ListaEx01.Exercicio25", "ListaEx01.Exercicio25\ListaEx01.Exercicio25.csproj", "{747F663B-F214-45EA-9BBD-6D7EB44250AE}"
EndProject
Global
	GlobalSection(SolutionConfigurationPlatforms) = preSolution
		Debug|Any CPU = Debug|Any CPU
		Release|Any CPU = Release|Any CPU
	EndGlobalSection
	GlobalSection(ProjectConfigurationPlatforms) = postSolution
		{7DF7D126-1EC5-4958-8FF6-BFB5A17249D9}.Debug|Any CPU.ActiveCfg = Debug|Any CPU
		{7DF7D126-1EC5-4958-8FF6-BFB5A17249D9}.Debug|Any CPU.Build.0 = Debug|Any CPU
		{7DF7D126-1EC5-4958-8FF6-BFB5A17249D9}.Release|Any CPU.ActiveCfg = Release|Any CPU
		{7DF7D126-1EC5-4958-8FF6-BFB5A17249D9}.Release|Any CPU.Build.0 = Release|Any CPU
		{1B05809B-86D1-43AA-A9CE-4E0CA660C4A1}.Debug|Any CPU.ActiveCfg = Debug|Any CPU
		{1B05809B-86D1-43AA-A9CE-4E0CA660C4A1}.Debug|Any CPU.Build.0 = Debug|Any CPU
		{1B05809B-86D1-43AA-A9CE-4E0CA660C4A1}.Release|Any CPU.ActiveCfg = Release|Any CPU
		{1B05809B-86D1-43AA-A9CE-4E0CA660C4A1}.Release|Any CPU.Build.0 = Release|Any CPU
		{234D49B2-2D91-4B08-81E1-1A4358C60D58}.Debug|Any CPU.ActiveCfg = Debug|Any CPU
		{234D49B2-2D91-4B08-81E1-1A4358C60D58}.Debug|Any CPU.Build.0 = Debug|Any CPU
		{234D49B2-2D91-4B08-81E1-1A4358C60D58}.Release|Any CPU.ActiveCfg = Release|Any CPU
		{234D49B2-2D91-4B08-81E1-1A4358C60D58}.Release|Any CPU.Build.0 = Release|Any CPU
		{959CA9AC-8ABE-44F4-BA3B-FF1D5A8DC452}.Debug|Any CPU.ActiveCfg = Debug|Any CPU
		{959CA9AC-8ABE-44F4-BA3B-FF1D5A8DC452}.Debug|Any CPU.Build.0 = Debug|Any CPU
		{959CA9AC-8ABE-44F4-BA3B-FF1D5A8DC452}.Release|Any CPU.ActiveCfg = Release|Any CPU
		{959CA9AC-8ABE-44F4-BA3B-FF1D5A8DC452}.Release|Any CPU.Build.0 = Release|Any CPU
		{4F609EF8-5869-4B88-B201-EB1940C8F4D9}.Debug|Any CPU.ActiveCfg = Debug|Any CPU
		{4F609EF8-5869-4B88-B201-EB1940C8F4D9}.Debug|Any CPU.Build.0 = Debug|Any CPU
		{4F609EF8-5869-4B88-B201-EB1940C8F4D9}.Release|Any CPU.ActiveCfg = Release|Any CPU
		{4F609EF8-5869-4B88-B201-EB1940C8F4D9}.Release|Any CPU.Build.0 = Release|Any CPU
		{78709185-2793-44E0-BB7B-3B0FD7EE9269}.Debug|Any CPU.ActiveCfg = Debug|Any CPU
		{78709185-2793-44E0-BB7B-3B0FD7EE9269}.Debug|Any CPU.Build.0 = Debug|Any CPU
		{78709185-2793-44E0-BB7B-3B0FD7EE9269}.Release|Any CPU.ActiveCfg = Release|Any CPU
		{78709185-2793-44E0-BB7B-3B0FD7EE9269}.Release|Any CPU.Build.0 = Release|Any CPU
		{9529DEFA-ED9A-488F-90BB-297D754C00F0}.Debug|Any CPU.ActiveCfg = Debug|Any CPU
		{9529DEFA-ED9A-488F-90BB-297D754C00F0}.Debug|Any CPU.Build.0 = Debug|Any CPU
		{9529DEFA-ED9A-488F-90BB-297D754C00F0}.Release|Any CPU.ActiveCfg = Release|Any CPU
		{9529DEFA-ED9A-488F-90BB-297D754C00F0}.Release|Any CPU.Build.0 = Release|Any CPU
		{96363307-E5DE-494E-AE4D-AC1D84D86290}.Debug|Any CPU.ActiveCfg = Debug|Any CPU
		{96363307-E5DE-494E-AE4D-AC1D84D86290}.Debug|Any CPU.Build.0 = Debug|Any CPU
		{96363307-E5DE-494E-AE4D-AC1D84D86290}.Release|Any CPU.ActiveCfg = Release|Any CPU
		{96363307-E5DE-494E-AE4D-AC1D84D86290}.Release|Any CPU.Build.0 = Release|Any CPU
		{FC6810E5-B7F3-4951-ADF1-AD7C9B0FA772}.Debug|Any CPU.ActiveCfg = Debug|Any CPU
		{FC6810E5-B7F3-4951-ADF1-AD7C9B0FA772}.Debug|Any CPU.Build.0 = Debug|Any CPU
		{FC6810E5-B7F3-4951-ADF1-AD7C9B0FA772}.Release|Any CPU.ActiveCfg = Release|Any CPU
		{FC6810E5-B7F3-4951-ADF1-AD7C9B0FA772}.Release|Any CPU.Build.0 = Release|Any CPU
		{A76E05CA-C7BC-42A0-9B92-DFB08E6872C0}.Debug|Any CPU.ActiveCfg = Debug|Any CPU
		{A76E05CA-C7BC-42A0-9B92-DFB08E6872C0}.Debug|Any CPU.Build.0 = Debug|Any CPU
		{A76E05CA-C7BC-42A0-9B92-DFB08E6872C0}.Release|Any CPU.ActiveCfg = Release|Any CPU
		{A76E05CA-C7BC-42A0-9B92-DFB08E6872C0}.Release|Any CPU.Build.0 = Release|Any CPU
		{1D2190DE-B03E-4D01-A90D-FEAA3C29602A}.Debug|Any CPU.ActiveCfg = Debug|Any CPU
		{1D2190DE-B03E-4D01-A90D-FEAA3C29602A}.Debug|Any CPU.Build.0 = Debug|Any CPU
		{1D2190DE-B03E-4D01-A90D-FEAA3C29602A}.Release|Any CPU.ActiveCfg = Release|Any CPU
		{1D2190DE-B03E-4D01-A90D-FEAA3C29602A}.Release|Any CPU.Build.0 = Release|Any CPU
		{E3922E44-F8EB-4543-99C7-D458E55FDD78}.Debug|Any CPU.ActiveCfg = Debug|Any CPU
		{E3922E44-F8EB-4543-99C7-D458E55FDD78}.Debug|Any CPU.Build.0 = Debug|Any CPU
		{E3922E44-F8EB-4543-99C7-D458E55FDD78}.Release|Any CPU.ActiveCfg = Release|Any CPU
		{E3922E44-F8EB-4543-99C7-D458E55FDD78}.Release|Any CPU.Build.0 = Release|Any CPU
		{039E43DC-1541-4617-91FF-8C27D24B82B5}.Debug|Any CPU.ActiveCfg = Debug|Any CPU
		{039E43DC-1541-4617-91FF-8C27D24B82B5}.Debug|Any CPU.Build.0 = Debug|Any CPU
		{039E43DC-1541-4617-91FF-8C27D24B82B5}.Release|Any CPU.ActiveCfg = Release|Any CPU
		{039E43DC-1541-4617-91FF-8C27D24B82B5}.Release|Any CPU.Build.0 = Release|Any CPU
		{4DAA0A95-A38F-40EA-86F4-F2B839755ABA}.Debug|Any CPU.ActiveCfg = Debug|Any CPU
		{4DAA0A95-A38F-40EA-86F4-F2B839755ABA}.Debug|Any CPU.Build.0 = Debug|Any CPU
		{4DAA0A95-A38F-40EA-86F4-F2B839755ABA}.Release|Any CPU.ActiveCfg = Release|Any CPU
		{4DAA0A95-A38F-40EA-86F4-F2B839755ABA}.Release|Any CPU.Build.0 = Release|Any CPU
		{F515610B-ABFC-49E0-9FC0-FEE026659DC9}.Debug|Any CPU.ActiveCfg = Debug|Any CPU
		{F515610B-ABFC-49E0-9FC0-FEE026659DC9}.Debug|Any CPU.Build.0 = Debug|Any CPU
		{F515610B-ABFC-49E0-9FC0-FEE026659DC9}.Release|Any CPU.ActiveCfg = Release|Any CPU
		{F515610B-ABFC-49E0-9FC0-FEE026659DC9}.Release|Any CPU.Build.0 = Release|Any CPU
		{5491CC54-833C-4A47-8371-D37873775004}.Debug|Any CPU.ActiveCfg = Debug|Any CPU
		{5491CC54-833C-4A47-8371-D37873775004}.Debug|Any CPU.Build.0 = Debug|Any CPU
		{5491CC54-833C-4A47-8371-D37873775004}.Release|Any CPU.ActiveCfg = Release|Any CPU
		{5491CC54-833C-4A47-8371-D37873775004}.Release|Any CPU.Build.0 = Release|Any CPU
		{88D8FF68-CA1B-47A5-90AB-50775B38B13A}.Debug|Any CPU.ActiveCfg = Debug|Any CPU
		{88D8FF68-CA1B-47A5-90AB-50775B38B13A}.Debug|Any CPU.Build.0 = Debug|Any CPU
		{88D8FF68-CA1B-47A5-90AB-50775B38B13A}.Release|Any CPU.ActiveCfg = Release|Any CPU
		{88D8FF68-CA1B-47A5-90AB-50775B38B13A}.Release|Any CPU.Build.0 = Release|Any CPU
		{19D454FD-58C8-4209-BC7A-552C9DC98E8F}.Debug|Any CPU.ActiveCfg = Debug|Any CPU
		{19D454FD-58C8-4209-BC7A-552C9DC98E8F}.Debug|Any CPU.Build.0 = Debug|Any CPU
		{19D454FD-58C8-4209-BC7A-552C9DC98E8F}.Release|Any CPU.ActiveCfg = Release|Any CPU
		{19D454FD-58C8-4209-BC7A-552C9DC98E8F}.Release|Any CPU.Build.0 = Release|Any CPU
		{A2A4F17D-103F-48B6-B127-5121890FB0C9}.Debug|Any CPU.ActiveCfg = Debug|Any CPU
		{A2A4F17D-103F-48B6-B127-5121890FB0C9}.Debug|Any CPU.Build.0 = Debug|Any CPU
		{A2A4F17D-103F-48B6-B127-5121890FB0C9}.Release|Any CPU.ActiveCfg = Release|Any CPU
		{A2A4F17D-103F-48B6-B127-5121890FB0C9}.Release|Any CPU.Build.0 = Release|Any CPU
		{A8FFDAD3-0ACA-488E-A74C-6C5A4387E5F7}.Debug|Any CPU.ActiveCfg = Debug|Any CPU
		{A8FFDAD3-0ACA-488E-A74C-6C5A4387E5F7}.Debug|Any CPU.Build.0 = Debug|Any CPU
		{A8FFDAD3-0ACA-488E-A74C-6C5A4387E5F7}.Release|Any CPU.ActiveCfg = Release|Any CPU
		{A8FFDAD3-0ACA-488E-A74C-6C5A4387E5F7}.Release|Any CPU.Build.0 = Release|Any CPU
		{3AAD095B-C5B2-43B2-9D1B-ED917DB7A918}.Debug|Any CPU.ActiveCfg = Debug|Any CPU
		{3AAD095B-C5B2-43B2-9D1B-ED917DB7A918}.Debug|Any CPU.Build.0 = Debug|Any CPU
		{3AAD095B-C5B2-43B2-9D1B-ED917DB7A918}.Release|Any CPU.ActiveCfg = Release|Any CPU
		{3AAD095B-C5B2-43B2-9D1B-ED917DB7A918}.Release|Any CPU.Build.0 = Release|Any CPU
		{484AD0D0-536C-4BDC-899F-908C782FA005}.Debug|Any CPU.ActiveCfg = Debug|Any CPU
		{484AD0D0-536C-4BDC-899F-908C782FA005}.Debug|Any CPU.Build.0 = Debug|Any CPU
		{484AD0D0-536C-4BDC-899F-908C782FA005}.Release|Any CPU.ActiveCfg = Release|Any CPU
		{484AD0D0-536C-4BDC-899F-908C782FA005}.Release|Any CPU.Build.0 = Release|Any CPU
		{282804E3-4A99-4A21-9EA9-2F77E7B9DAC8}.Debug|Any CPU.ActiveCfg = Debug|Any CPU
		{282804E3-4A99-4A21-9EA9-2F77E7B9DAC8}.Debug|Any CPU.Build.0 = Debug|Any CPU
		{282804E3-4A99-4A21-9EA9-2F77E7B9DAC8}.Release|Any CPU.ActiveCfg = Release|Any CPU
		{282804E3-4A99-4A21-9EA9-2F77E7B9DAC8}.Release|Any CPU.Build.0 = Release|Any CPU
		{63C689D3-C2AA-4C73-875C-F587F0CA4459}.Debug|Any CPU.ActiveCfg = Debug|Any CPU
		{63C689D3-C2AA-4C73-875C-F587F0CA4459}.Debug|Any CPU.Build.0 = Debug|Any CPU
		{63C689D3-C2AA-4C73-875C-F587F0CA4459}.Release|Any CPU.ActiveCfg = Release|Any CPU
		{63C689D3-C2AA-4C73-875C-F587F0CA4459}.Release|Any CPU.Build.0 = Release|Any CPU
		{747F663B-F214-45EA-9BBD-6D7EB44250AE}.Debug|Any CPU.ActiveCfg = Debug|Any CPU
		{747F663B-F214-45EA-9BBD-6D7EB44250AE}.Debug|Any CPU.Build.0 = Debug|Any CPU
		{747F663B-F214-45EA-9BBD-6D7EB44250AE}.Release|Any CPU.ActiveCfg = Release|Any CPU
		{747F663B-F214-45EA-9BBD-6D7EB44250AE}.Release|Any CPU.Build.0 = Release|Any CPU
	EndGlobalSection
	GlobalSection(SolutionProperties) = preSolution
		HideSolutionNode = FALSE
	EndGlobalSection
	GlobalSection(NestedProjects) = preSolution
		{7DF7D126-1EC5-4958-8FF6-BFB5A17249D9} = {9BE11320-8750-486B-9F1E-FEE1D5DE44ED}
		{1B05809B-86D1-43AA-A9CE-4E0CA660C4A1} = {9BE11320-8750-486B-9F1E-FEE1D5DE44ED}
		{234D49B2-2D91-4B08-81E1-1A4358C60D58} = {9BE11320-8750-486B-9F1E-FEE1D5DE44ED}
		{959CA9AC-8ABE-44F4-BA3B-FF1D5A8DC452} = {9BE11320-8750-486B-9F1E-FEE1D5DE44ED}
		{4F609EF8-5869-4B88-B201-EB1940C8F4D9} = {9BE11320-8750-486B-9F1E-FEE1D5DE44ED}
		{78709185-2793-44E0-BB7B-3B0FD7EE9269} = {9BE11320-8750-486B-9F1E-FEE1D5DE44ED}
		{9529DEFA-ED9A-488F-90BB-297D754C00F0} = {9BE11320-8750-486B-9F1E-FEE1D5DE44ED}
		{96363307-E5DE-494E-AE4D-AC1D84D86290} = {9BE11320-8750-486B-9F1E-FEE1D5DE44ED}
		{FC6810E5-B7F3-4951-ADF1-AD7C9B0FA772} = {9BE11320-8750-486B-9F1E-FEE1D5DE44ED}
		{A76E05CA-C7BC-42A0-9B92-DFB08E6872C0} = {9BE11320-8750-486B-9F1E-FEE1D5DE44ED}
		{1D2190DE-B03E-4D01-A90D-FEAA3C29602A} = {9BE11320-8750-486B-9F1E-FEE1D5DE44ED}
		{E3922E44-F8EB-4543-99C7-D458E55FDD78} = {9BE11320-8750-486B-9F1E-FEE1D5DE44ED}
		{039E43DC-1541-4617-91FF-8C27D24B82B5} = {9BE11320-8750-486B-9F1E-FEE1D5DE44ED}
		{4DAA0A95-A38F-40EA-86F4-F2B839755ABA} = {92187F25-EECB-4437-B358-EFBC92803B8C}
		{F515610B-ABFC-49E0-9FC0-FEE026659DC9} = {92187F25-EECB-4437-B358-EFBC92803B8C}
		{5491CC54-833C-4A47-8371-D37873775004} = {92187F25-EECB-4437-B358-EFBC92803B8C}
		{88D8FF68-CA1B-47A5-90AB-50775B38B13A} = {92187F25-EECB-4437-B358-EFBC92803B8C}
		{19D454FD-58C8-4209-BC7A-552C9DC98E8F} = {92187F25-EECB-4437-B358-EFBC92803B8C}
		{A2A4F17D-103F-48B6-B127-5121890FB0C9} = {F2FC352B-457D-4564-8BF8-51900B3B3AD3}
		{A8FFDAD3-0ACA-488E-A74C-6C5A4387E5F7} = {F2FC352B-457D-4564-8BF8-51900B3B3AD3}
		{3AAD095B-C5B2-43B2-9D1B-ED917DB7A918} = {F2FC352B-457D-4564-8BF8-51900B3B3AD3}
		{484AD0D0-536C-4BDC-899F-908C782FA005} = {F2FC352B-457D-4564-8BF8-51900B3B3AD3}
		{282804E3-4A99-4A21-9EA9-2F77E7B9DAC8} = {F2FC352B-457D-4564-8BF8-51900B3B3AD3}
		{63C689D3-C2AA-4C73-875C-F587F0CA4459} = {F2FC352B-457D-4564-8BF8-51900B3B3AD3}
		{747F663B-F214-45EA-9BBD-6D7EB44250AE} = {F2FC352B-457D-4564-8BF8-51900B3B3AD3}
	EndGlobalSection
	GlobalSection(ExtensibilityGlobals) = postSolution
		SolutionGuid = {D34C9090-3CC7-4C16-9C25-2BA1E5720D02}
	EndGlobalSection
EndGlobal
